
Microsoft Visual Studio Solution File, Format Version 12.00
# Visual Studio 2013
VisualStudioVersion = 12.0.31101.0
MinimumVisualStudioVersion = 10.0.40219.1
Project("{FAE04EC0-301F-11D3-BF4B-00C04F79EFBC}") = "MD.Business", "Business\MD.Business.csproj", "{938CB8D0-30EB-4C23-A5C2-91CA936C1CE7}"
EndProject
Project("{FAE04EC0-301F-11D3-BF4B-00C04F79EFBC}") = "MD.Repository", "MD.Repository\MD.Repository.csproj", "{9BA7B0B0-96D1-49A8-B1EC-5D028A7DB63D}"
EndProject
Project("{FAE04EC0-301F-11D3-BF4B-00C04F79EFBC}") = "MD.Model", "MD.Model\MD.Model.csproj", "{A04C9A29-61E9-400B-A71B-685FAF62FBEF}"
EndProject
Project("{FAE04EC0-301F-11D3-BF4B-00C04F79EFBC}") = "MD.WebApp", "MD.WebApp\MD.WebApp.csproj", "{6E9016FF-BEB5-48ED-89B3-104A7E1E8013}"
EndProject
Global
	GlobalSection(SolutionConfigurationPlatforms) = preSolution
		Debug|Any CPU = Debug|Any CPU
		Release|Any CPU = Release|Any CPU
	EndGlobalSection
	GlobalSection(ProjectConfigurationPlatforms) = postSolution
		{938CB8D0-30EB-4C23-A5C2-91CA936C1CE7}.Debug|Any CPU.ActiveCfg = Debug|Any CPU
		{938CB8D0-30EB-4C23-A5C2-91CA936C1CE7}.Debug|Any CPU.Build.0 = Debug|Any CPU
		{938CB8D0-30EB-4C23-A5C2-91CA936C1CE7}.Release|Any CPU.ActiveCfg = Release|Any CPU
		{938CB8D0-30EB-4C23-A5C2-91CA936C1CE7}.Release|Any CPU.Build.0 = Release|Any CPU
		{9BA7B0B0-96D1-49A8-B1EC-5D028A7DB63D}.Debug|Any CPU.ActiveCfg = Debug|Any CPU
		{9BA7B0B0-96D1-49A8-B1EC-5D028A7DB63D}.Debug|Any CPU.Build.0 = Debug|Any CPU
		{9BA7B0B0-96D1-49A8-B1EC-5D028A7DB63D}.Release|Any CPU.ActiveCfg = Release|Any CPU
		{9BA7B0B0-96D1-49A8-B1EC-5D028A7DB63D}.Release|Any CPU.Build.0 = Release|Any CPU
		{A04C9A29-61E9-400B-A71B-685FAF62FBEF}.Debug|Any CPU.ActiveCfg = Debug|Any CPU
		{A04C9A29-61E9-400B-A71B-685FAF62FBEF}.Debug|Any CPU.Build.0 = Debug|Any CPU
		{A04C9A29-61E9-400B-A71B-685FAF62FBEF}.Release|Any CPU.ActiveCfg = Release|Any CPU
		{A04C9A29-61E9-400B-A71B-685FAF62FBEF}.Release|Any CPU.Build.0 = Release|Any CPU
		{6E9016FF-BEB5-48ED-89B3-104A7E1E8013}.Debug|Any CPU.ActiveCfg = Debug|Any CPU
		{6E9016FF-BEB5-48ED-89B3-104A7E1E8013}.Debug|Any CPU.Build.0 = Debug|Any CPU
		{6E9016FF-BEB5-48ED-89B3-104A7E1E8013}.Release|Any CPU.ActiveCfg = Release|Any CPU
		{6E9016FF-BEB5-48ED-89B3-104A7E1E8013}.Release|Any CPU.Build.0 = Release|Any CPU
	EndGlobalSection
	GlobalSection(SolutionProperties) = preSolution
		HideSolutionNode = FALSE
	EndGlobalSection
EndGlobal
